# This file is automatically @generated by Cargo.
# It is not intended for manual editing.
version = 4

[[package]]
name = "nonempty"
version = "0.11.0"
source = "registry+https://github.com/rust-lang/crates.io-index"
checksum = "549e471b99ccaf2f89101bec68f4d244457d5a95a9c3d0672e9564124397741d"

[[package]]
name = "rust-configs"
version = "0.1.0"
dependencies = [
 "nonempty",
]
